
Microsoft Visual Studio Solution File, Format Version 12.00
# Visual Studio Version 17
VisualStudioVersion = 17.0.32112.339
MinimumVisualStudioVersion = 10.0.40219.1
Project("{2150E333-8FDC-42A3-9474-1A3956D46DE8}") = "Services", "Services", "{CBCC82DC-0EA7-429B-AD08-F4A4D18DEA8E}"
EndProject
Project("{2150E333-8FDC-42A3-9474-1A3956D46DE8}") = "Catalog", "Catalog", "{003FE1BE-B3BD-430C-8C31-FF23C9A7877C}"
EndProject
Project("{9A19103F-16F7-4668-BE54-9A1E7A4F7556}") = "Catalog.Api", "Services\Catalog\Catalog.Api\Catalog.Api.csproj", "{D2211915-C4A3-433B-936B-64F875089ED1}"
EndProject
Project("{E53339B2-1760-4266-BCC7-CA923CBCF16C}") = "docker-compose", "docker-compose.dcproj", "{DE212AC0-959C-4002-9D7A-B1CD66BDBDB4}"
EndProject
Project("{2150E333-8FDC-42A3-9474-1A3956D46DE8}") = "Basket", "Basket", "{1A1277FE-C7CA-4720-B3AA-8BF75C14535B}"
EndProject
Project("{9A19103F-16F7-4668-BE54-9A1E7A4F7556}") = "Basket.Api", "Services\Basket\Basket.Api\Basket.Api.csproj", "{47ED3604-AE41-49FB-B4FD-9E28D6C0D984}"
EndProject
Project("{2150E333-8FDC-42A3-9474-1A3956D46DE8}") = "Discount", "Discount", "{C9BB6FCE-EEC1-4D9A-B9D0-1D0156F6B43F}"
EndProject
Project("{9A19103F-16F7-4668-BE54-9A1E7A4F7556}") = "Discount.Api", "Services\Discount\Discount.Api\Discount.Api.csproj", "{1EBEE3E2-DE43-4E56-8341-09BC25DC97B4}"
EndProject
Project("{9A19103F-16F7-4668-BE54-9A1E7A4F7556}") = "Discount.Grpc", "Services\Discount\Discount.Grpc\Discount.Grpc.csproj", "{DC264168-2419-4E3D-881F-9D4F2A66389D}"
EndProject
Project("{9A19103F-16F7-4668-BE54-9A1E7A4F7556}") = "Discount.Domain", "Services\Discount\Discount.Domain\Discount.Domain.csproj", "{C74CD14D-D28C-4C9D-9A94-016B0FEB7016}"
EndProject
Project("{2150E333-8FDC-42A3-9474-1A3956D46DE8}") = "Ordering", "Ordering", "{4A5CD773-3212-4FA9-B06F-CA972D0DBA7B}"
EndProject
Project("{9A19103F-16F7-4668-BE54-9A1E7A4F7556}") = "Ordering.Api", "Services\Ordering\Ordering.Api\Ordering.Api.csproj", "{6A764508-BA55-4005-87A3-28733F5D8DFB}"
EndProject
Project("{2150E333-8FDC-42A3-9474-1A3956D46DE8}") = "BuildingBlocks", "BuildingBlocks", "{98F12937-2315-4E7E-9EDA-C812BBEF8E75}"
EndProject
Project("{9A19103F-16F7-4668-BE54-9A1E7A4F7556}") = "EventBus.Messages", "BuildingBlocks\EventBus.Messages\EventBus.Messages.csproj", "{FAEEB185-23C4-43AA-911C-43BFC26A4D63}"
EndProject
Project("{2150E333-8FDC-42A3-9474-1A3956D46DE8}") = "ApiGateways", "ApiGateways", "{5F8F1743-D95C-4F6E-9F2C-EB84BD257F4F}"
EndProject
Project("{FAE04EC0-301F-11D3-BF4B-00C04F79EFBC}") = "ReverseProxy", "ApiGateways\ReverseProxy\ReverseProxy.csproj", "{3BF5D06B-F813-4C33-BC4E-10D69563E47E}"
EndProject
Global
	GlobalSection(SolutionConfigurationPlatforms) = preSolution
		Debug|Any CPU = Debug|Any CPU
		Release|Any CPU = Release|Any CPU
	EndGlobalSection
	GlobalSection(ProjectConfigurationPlatforms) = postSolution
		{D2211915-C4A3-433B-936B-64F875089ED1}.Debug|Any CPU.ActiveCfg = Debug|Any CPU
		{D2211915-C4A3-433B-936B-64F875089ED1}.Debug|Any CPU.Build.0 = Debug|Any CPU
		{D2211915-C4A3-433B-936B-64F875089ED1}.Release|Any CPU.ActiveCfg = Release|Any CPU
		{D2211915-C4A3-433B-936B-64F875089ED1}.Release|Any CPU.Build.0 = Release|Any CPU
		{DE212AC0-959C-4002-9D7A-B1CD66BDBDB4}.Debug|Any CPU.ActiveCfg = Debug|Any CPU
		{DE212AC0-959C-4002-9D7A-B1CD66BDBDB4}.Debug|Any CPU.Build.0 = Debug|Any CPU
		{DE212AC0-959C-4002-9D7A-B1CD66BDBDB4}.Release|Any CPU.ActiveCfg = Release|Any CPU
		{DE212AC0-959C-4002-9D7A-B1CD66BDBDB4}.Release|Any CPU.Build.0 = Release|Any CPU
		{47ED3604-AE41-49FB-B4FD-9E28D6C0D984}.Debug|Any CPU.ActiveCfg = Debug|Any CPU
		{47ED3604-AE41-49FB-B4FD-9E28D6C0D984}.Debug|Any CPU.Build.0 = Debug|Any CPU
		{47ED3604-AE41-49FB-B4FD-9E28D6C0D984}.Release|Any CPU.ActiveCfg = Release|Any CPU
		{47ED3604-AE41-49FB-B4FD-9E28D6C0D984}.Release|Any CPU.Build.0 = Release|Any CPU
		{1EBEE3E2-DE43-4E56-8341-09BC25DC97B4}.Debug|Any CPU.ActiveCfg = Debug|Any CPU
		{1EBEE3E2-DE43-4E56-8341-09BC25DC97B4}.Debug|Any CPU.Build.0 = Debug|Any CPU
		{1EBEE3E2-DE43-4E56-8341-09BC25DC97B4}.Release|Any CPU.ActiveCfg = Release|Any CPU
		{1EBEE3E2-DE43-4E56-8341-09BC25DC97B4}.Release|Any CPU.Build.0 = Release|Any CPU
		{DC264168-2419-4E3D-881F-9D4F2A66389D}.Debug|Any CPU.ActiveCfg = Debug|Any CPU
		{DC264168-2419-4E3D-881F-9D4F2A66389D}.Debug|Any CPU.Build.0 = Debug|Any CPU
		{DC264168-2419-4E3D-881F-9D4F2A66389D}.Release|Any CPU.ActiveCfg = Release|Any CPU
		{DC264168-2419-4E3D-881F-9D4F2A66389D}.Release|Any CPU.Build.0 = Release|Any CPU
		{C74CD14D-D28C-4C9D-9A94-016B0FEB7016}.Debug|Any CPU.ActiveCfg = Debug|Any CPU
		{C74CD14D-D28C-4C9D-9A94-016B0FEB7016}.Debug|Any CPU.Build.0 = Debug|Any CPU
		{C74CD14D-D28C-4C9D-9A94-016B0FEB7016}.Release|Any CPU.ActiveCfg = Release|Any CPU
		{C74CD14D-D28C-4C9D-9A94-016B0FEB7016}.Release|Any CPU.Build.0 = Release|Any CPU
		{6A764508-BA55-4005-87A3-28733F5D8DFB}.Debug|Any CPU.ActiveCfg = Debug|Any CPU
		{6A764508-BA55-4005-87A3-28733F5D8DFB}.Debug|Any CPU.Build.0 = Debug|Any CPU
		{6A764508-BA55-4005-87A3-28733F5D8DFB}.Release|Any CPU.ActiveCfg = Release|Any CPU
		{6A764508-BA55-4005-87A3-28733F5D8DFB}.Release|Any CPU.Build.0 = Release|Any CPU
		{FAEEB185-23C4-43AA-911C-43BFC26A4D63}.Debug|Any CPU.ActiveCfg = Debug|Any CPU
		{FAEEB185-23C4-43AA-911C-43BFC26A4D63}.Debug|Any CPU.Build.0 = Debug|Any CPU
		{FAEEB185-23C4-43AA-911C-43BFC26A4D63}.Release|Any CPU.ActiveCfg = Release|Any CPU
		{FAEEB185-23C4-43AA-911C-43BFC26A4D63}.Release|Any CPU.Build.0 = Release|Any CPU
		{3BF5D06B-F813-4C33-BC4E-10D69563E47E}.Debug|Any CPU.ActiveCfg = Debug|Any CPU
		{3BF5D06B-F813-4C33-BC4E-10D69563E47E}.Debug|Any CPU.Build.0 = Debug|Any CPU
		{3BF5D06B-F813-4C33-BC4E-10D69563E47E}.Release|Any CPU.ActiveCfg = Release|Any CPU
		{3BF5D06B-F813-4C33-BC4E-10D69563E47E}.Release|Any CPU.Build.0 = Release|Any CPU
	EndGlobalSection
	GlobalSection(SolutionProperties) = preSolution
		HideSolutionNode = FALSE
	EndGlobalSection
	GlobalSection(NestedProjects) = preSolution
		{003FE1BE-B3BD-430C-8C31-FF23C9A7877C} = {CBCC82DC-0EA7-429B-AD08-F4A4D18DEA8E}
		{D2211915-C4A3-433B-936B-64F875089ED1} = {003FE1BE-B3BD-430C-8C31-FF23C9A7877C}
		{1A1277FE-C7CA-4720-B3AA-8BF75C14535B} = {CBCC82DC-0EA7-429B-AD08-F4A4D18DEA8E}
		{47ED3604-AE41-49FB-B4FD-9E28D6C0D984} = {1A1277FE-C7CA-4720-B3AA-8BF75C14535B}
		{C9BB6FCE-EEC1-4D9A-B9D0-1D0156F6B43F} = {CBCC82DC-0EA7-429B-AD08-F4A4D18DEA8E}
		{1EBEE3E2-DE43-4E56-8341-09BC25DC97B4} = {C9BB6FCE-EEC1-4D9A-B9D0-1D0156F6B43F}
		{DC264168-2419-4E3D-881F-9D4F2A66389D} = {C9BB6FCE-EEC1-4D9A-B9D0-1D0156F6B43F}
		{C74CD14D-D28C-4C9D-9A94-016B0FEB7016} = {C9BB6FCE-EEC1-4D9A-B9D0-1D0156F6B43F}
		{4A5CD773-3212-4FA9-B06F-CA972D0DBA7B} = {CBCC82DC-0EA7-429B-AD08-F4A4D18DEA8E}
		{6A764508-BA55-4005-87A3-28733F5D8DFB} = {4A5CD773-3212-4FA9-B06F-CA972D0DBA7B}
		{FAEEB185-23C4-43AA-911C-43BFC26A4D63} = {98F12937-2315-4E7E-9EDA-C812BBEF8E75}
		{3BF5D06B-F813-4C33-BC4E-10D69563E47E} = {5F8F1743-D95C-4F6E-9F2C-EB84BD257F4F}
	EndGlobalSection
	GlobalSection(ExtensibilityGlobals) = postSolution
		SolutionGuid = {C9718478-1AE4-48A1-B6EA-77862A91ACFD}
	EndGlobalSection
EndGlobal
